// !$*UTF8*$!
{
	archiveVersion = 1;
	classes = {
	};
	objectVersion = 46;
	objects = {

/* Begin PBXBuildFile section */
		7FDAAB051B5D360800DF2BE6 /* main.m in Sources */ = {isa = PBXBuildFile; fileRef = 7FDAAB041B5D360800DF2BE6 /* main.m */; };
		7FDAAB081B5D360800DF2BE6 /* AppDelegate.m in Sources */ = {isa = PBXBuildFile; fileRef = 7FDAAB071B5D360800DF2BE6 /* AppDelegate.m */; };
		7FDAAB0B1B5D360800DF2BE6 /* ViewController.m in Sources */ = {isa = PBXBuildFile; fileRef = 7FDAAB0A1B5D360800DF2BE6 /* ViewController.m */; };
		7FDAAB0E1B5D360800DF2BE6 /* Main.storyboard in Resources */ = {isa = PBXBuildFile; fileRef = 7FDAAB0C1B5D360800DF2BE6 /* Main.storyboard */; };
		7FDAAB101B5D360800DF2BE6 /* Assets.xcassets in Resources */ = {isa = PBXBuildFile; fileRef = 7FDAAB0F1B5D360800DF2BE6 /* Assets.xcassets */; };
		7FDAAB131B5D360800DF2BE6 /* LaunchScreen.storyboard in Resources */ = {isa = PBXBuildFile; fileRef = 7FDAAB111B5D360800DF2BE6 /* LaunchScreen.storyboard */; };
		BB0A23711B70B1B800CE0C81 /* Identity.storyboard in Resources */ = {isa = PBXBuildFile; fileRef = BB0A236F1B70B1B800CE0C81 /* Identity.storyboard */; };
		BB0A23771B70B25F00CE0C81 /* PHXCreateUserViewController.m in Sources */ = {isa = PBXBuildFile; fileRef = BB0A23761B70B25F00CE0C81 /* PHXCreateUserViewController.m */; };
		BB0A237C1B70B8BE00CE0C81 /* PHXPhoenixManager.m in Sources */ = {isa = PBXBuildFile; fileRef = BB0A237B1B70B8BE00CE0C81 /* PHXPhoenixManager.m */; };
		BB0A237F1B70C60D00CE0C81 /* PHXViewUserViewController.m in Sources */ = {isa = PBXBuildFile; fileRef = BB0A237E1B70C60D00CE0C81 /* PHXViewUserViewController.m */; };
		FE0C64E31B7247B6008C02D7 /* PHXIdentityModuleViewController.m in Sources */ = {isa = PBXBuildFile; fileRef = FE0C64E21B7247B6008C02D7 /* PHXIdentityModuleViewController.m */; };
		FE16747D1B71052C0085BEC8 /* PHXAuthenticationViewController.m in Sources */ = {isa = PBXBuildFile; fileRef = FE16747C1B71052C0085BEC8 /* PHXAuthenticationViewController.m */; };
		FE18F9411B86027D00DCF2EF /* PHXPhoenixLocationManager.m in Sources */ = {isa = PBXBuildFile; fileRef = FE18F9401B86027D00DCF2EF /* PHXPhoenixLocationManager.m */; };
		FE22F8881B5FEFF400711EBF /* PhoenixConfiguration.json in Resources */ = {isa = PBXBuildFile; fileRef = FE22F8871B5FEFF400711EBF /* PhoenixConfiguration.json */; };
		FEF4A7511B7A28DA00CD8603 /* PhoenixSDK.framework in Frameworks */ = {isa = PBXBuildFile; fileRef = FEF4A7501B7A28DA00CD8603 /* PhoenixSDK.framework */; };
		FEF4A7581B7A291000CD8603 /* PhoenixSDK.framework in CopyFiles */ = {isa = PBXBuildFile; fileRef = FEF4A7501B7A28DA00CD8603 /* PhoenixSDK.framework */; settings = {ATTRIBUTES = (CodeSignOnCopy, RemoveHeadersOnCopy, ); }; };
/* End PBXBuildFile section */

/* Begin PBXCopyFilesBuildPhase section */
		FEF4A7571B7A290900CD8603 /* CopyFiles */ = {
			isa = PBXCopyFilesBuildPhase;
			buildActionMask = 2147483647;
			dstPath = "";
			dstSubfolderSpec = 10;
			files = (
				FEF4A7581B7A291000CD8603 /* PhoenixSDK.framework in CopyFiles */,
			);
			runOnlyForDeploymentPostprocessing = 0;
		};
/* End PBXCopyFilesBuildPhase section */

/* Begin PBXFileReference section */
		7FDAAB001B5D360800DF2BE6 /* PhoenixDemo-ObjectiveC.app */ = {isa = PBXFileReference; explicitFileType = wrapper.application; includeInIndex = 0; path = "PhoenixDemo-ObjectiveC.app"; sourceTree = BUILT_PRODUCTS_DIR; };
		7FDAAB041B5D360800DF2BE6 /* main.m */ = {isa = PBXFileReference; lastKnownFileType = sourcecode.c.objc; path = main.m; sourceTree = "<group>"; };
		7FDAAB061B5D360800DF2BE6 /* AppDelegate.h */ = {isa = PBXFileReference; lastKnownFileType = sourcecode.c.h; path = AppDelegate.h; sourceTree = "<group>"; };
		7FDAAB071B5D360800DF2BE6 /* AppDelegate.m */ = {isa = PBXFileReference; lastKnownFileType = sourcecode.c.objc; path = AppDelegate.m; sourceTree = "<group>"; };
		7FDAAB091B5D360800DF2BE6 /* ViewController.h */ = {isa = PBXFileReference; lastKnownFileType = sourcecode.c.h; path = ViewController.h; sourceTree = "<group>"; };
		7FDAAB0A1B5D360800DF2BE6 /* ViewController.m */ = {isa = PBXFileReference; lastKnownFileType = sourcecode.c.objc; path = ViewController.m; sourceTree = "<group>"; };
		7FDAAB0D1B5D360800DF2BE6 /* Base */ = {isa = PBXFileReference; lastKnownFileType = file.storyboard; name = Base; path = Base.lproj/Main.storyboard; sourceTree = "<group>"; };
		7FDAAB0F1B5D360800DF2BE6 /* Assets.xcassets */ = {isa = PBXFileReference; lastKnownFileType = folder.assetcatalog; path = Assets.xcassets; sourceTree = "<group>"; };
		7FDAAB121B5D360800DF2BE6 /* Base */ = {isa = PBXFileReference; lastKnownFileType = file.storyboard; name = Base; path = Base.lproj/LaunchScreen.storyboard; sourceTree = "<group>"; };
		7FDAAB141B5D360800DF2BE6 /* Info.plist */ = {isa = PBXFileReference; lastKnownFileType = text.plist.xml; path = Info.plist; sourceTree = "<group>"; };
		BB0A23701B70B1B800CE0C81 /* Base */ = {isa = PBXFileReference; lastKnownFileType = file.storyboard; name = Base; path = Base.lproj/Identity.storyboard; sourceTree = "<group>"; };
		BB0A23751B70B25F00CE0C81 /* PHXCreateUserViewController.h */ = {isa = PBXFileReference; fileEncoding = 4; lastKnownFileType = sourcecode.c.h; path = PHXCreateUserViewController.h; sourceTree = "<group>"; };
		BB0A23761B70B25F00CE0C81 /* PHXCreateUserViewController.m */ = {isa = PBXFileReference; fileEncoding = 4; lastKnownFileType = sourcecode.c.objc; path = PHXCreateUserViewController.m; sourceTree = "<group>"; };
		BB0A237A1B70B8BE00CE0C81 /* PHXPhoenixManager.h */ = {isa = PBXFileReference; fileEncoding = 4; lastKnownFileType = sourcecode.c.h; path = PHXPhoenixManager.h; sourceTree = "<group>"; };
		BB0A237B1B70B8BE00CE0C81 /* PHXPhoenixManager.m */ = {isa = PBXFileReference; fileEncoding = 4; lastKnownFileType = sourcecode.c.objc; path = PHXPhoenixManager.m; sourceTree = "<group>"; };
		BB0A237D1B70C60D00CE0C81 /* PHXViewUserViewController.h */ = {isa = PBXFileReference; fileEncoding = 4; lastKnownFileType = sourcecode.c.h; path = PHXViewUserViewController.h; sourceTree = "<group>"; };
		BB0A237E1B70C60D00CE0C81 /* PHXViewUserViewController.m */ = {isa = PBXFileReference; fileEncoding = 4; lastKnownFileType = sourcecode.c.objc; path = PHXViewUserViewController.m; sourceTree = "<group>"; };
		FE0C64E11B7247B6008C02D7 /* PHXIdentityModuleViewController.h */ = {isa = PBXFileReference; fileEncoding = 4; lastKnownFileType = sourcecode.c.h; path = PHXIdentityModuleViewController.h; sourceTree = "<group>"; };
		FE0C64E21B7247B6008C02D7 /* PHXIdentityModuleViewController.m */ = {isa = PBXFileReference; fileEncoding = 4; lastKnownFileType = sourcecode.c.objc; path = PHXIdentityModuleViewController.m; sourceTree = "<group>"; };
		FE16747B1B71052C0085BEC8 /* PHXAuthenticationViewController.h */ = {isa = PBXFileReference; fileEncoding = 4; lastKnownFileType = sourcecode.c.h; path = PHXAuthenticationViewController.h; sourceTree = "<group>"; };
		FE16747C1B71052C0085BEC8 /* PHXAuthenticationViewController.m */ = {isa = PBXFileReference; fileEncoding = 4; lastKnownFileType = sourcecode.c.objc; path = PHXAuthenticationViewController.m; sourceTree = "<group>"; };
		FE18F93F1B86027D00DCF2EF /* PHXPhoenixLocationManager.h */ = {isa = PBXFileReference; fileEncoding = 4; lastKnownFileType = sourcecode.c.h; path = PHXPhoenixLocationManager.h; sourceTree = "<group>"; };
		FE18F9401B86027D00DCF2EF /* PHXPhoenixLocationManager.m */ = {isa = PBXFileReference; fileEncoding = 4; lastKnownFileType = sourcecode.c.objc; path = PHXPhoenixLocationManager.m; sourceTree = "<group>"; };
		FE22F8871B5FEFF400711EBF /* PhoenixConfiguration.json */ = {isa = PBXFileReference; fileEncoding = 4; lastKnownFileType = text.json; path = PhoenixConfiguration.json; sourceTree = "<group>"; };
		FEF4A7501B7A28DA00CD8603 /* PhoenixSDK.framework */ = {isa = PBXFileReference; lastKnownFileType = wrapper.framework; path = PhoenixSDK.framework; sourceTree = BUILT_PRODUCTS_DIR; };
/* End PBXFileReference section */

/* Begin PBXFrameworksBuildPhase section */
		7FDAAAFD1B5D360800DF2BE6 /* Frameworks */ = {
			isa = PBXFrameworksBuildPhase;
			buildActionMask = 2147483647;
			files = (
				FEF4A7511B7A28DA00CD8603 /* PhoenixSDK.framework in Frameworks */,
			);
			runOnlyForDeploymentPostprocessing = 0;
		};
/* End PBXFrameworksBuildPhase section */

/* Begin PBXGroup section */
		7FDAAAF71B5D360800DF2BE6 = {
			isa = PBXGroup;
			children = (
				FEF4A7501B7A28DA00CD8603 /* PhoenixSDK.framework */,
				7FDAAB021B5D360800DF2BE6 /* PhoenixDemo-ObjectiveC */,
				7FDAAB011B5D360800DF2BE6 /* Products */,
			);
			sourceTree = "<group>";
		};
		7FDAAB011B5D360800DF2BE6 /* Products */ = {
			isa = PBXGroup;
			children = (
				7FDAAB001B5D360800DF2BE6 /* PhoenixDemo-ObjectiveC.app */,
			);
			name = Products;
			sourceTree = "<group>";
		};
		7FDAAB021B5D360800DF2BE6 /* PhoenixDemo-ObjectiveC */ = {
			isa = PBXGroup;
			children = (
				BB0A23791B70B89F00CE0C81 /* Phoenix */,
				BB0A236E1B70B1A400CE0C81 /* Identity */,
				FE22F8871B5FEFF400711EBF /* PhoenixConfiguration.json */,
				7FDAAB061B5D360800DF2BE6 /* AppDelegate.h */,
				7FDAAB071B5D360800DF2BE6 /* AppDelegate.m */,
				7FDAAB091B5D360800DF2BE6 /* ViewController.h */,
				7FDAAB0A1B5D360800DF2BE6 /* ViewController.m */,
				7FDAAB0C1B5D360800DF2BE6 /* Main.storyboard */,
				7FDAAB0F1B5D360800DF2BE6 /* Assets.xcassets */,
				7FDAAB111B5D360800DF2BE6 /* LaunchScreen.storyboard */,
				7FDAAB141B5D360800DF2BE6 /* Info.plist */,
				7FDAAB031B5D360800DF2BE6 /* Supporting Files */,
			);
			path = "PhoenixDemo-ObjectiveC";
			sourceTree = "<group>";
		};
		7FDAAB031B5D360800DF2BE6 /* Supporting Files */ = {
			isa = PBXGroup;
			children = (
				7FDAAB041B5D360800DF2BE6 /* main.m */,
			);
			name = "Supporting Files";
			sourceTree = "<group>";
		};
		BB0A236E1B70B1A400CE0C81 /* Identity */ = {
			isa = PBXGroup;
			children = (
				BB0A236F1B70B1B800CE0C81 /* Identity.storyboard */,
				FE16747B1B71052C0085BEC8 /* PHXAuthenticationViewController.h */,
				FE16747C1B71052C0085BEC8 /* PHXAuthenticationViewController.m */,
				FE0C64E11B7247B6008C02D7 /* PHXIdentityModuleViewController.h */,
				FE0C64E21B7247B6008C02D7 /* PHXIdentityModuleViewController.m */,
				BB0A23751B70B25F00CE0C81 /* PHXCreateUserViewController.h */,
				BB0A23761B70B25F00CE0C81 /* PHXCreateUserViewController.m */,
				BB0A237D1B70C60D00CE0C81 /* PHXViewUserViewController.h */,
				BB0A237E1B70C60D00CE0C81 /* PHXViewUserViewController.m */,
			);
			name = Identity;
			sourceTree = "<group>";
		};
		BB0A23791B70B89F00CE0C81 /* Phoenix */ = {
			isa = PBXGroup;
			children = (
				BB0A237A1B70B8BE00CE0C81 /* PHXPhoenixManager.h */,
				BB0A237B1B70B8BE00CE0C81 /* PHXPhoenixManager.m */,
				FE18F93F1B86027D00DCF2EF /* PHXPhoenixLocationManager.h */,
				FE18F9401B86027D00DCF2EF /* PHXPhoenixLocationManager.m */,
			);
			name = Phoenix;
			sourceTree = "<group>";
		};
/* End PBXGroup section */

/* Begin PBXNativeTarget section */
		7FDAAAFF1B5D360800DF2BE6 /* PhoenixDemo-ObjectiveC */ = {
			isa = PBXNativeTarget;
			buildConfigurationList = 7FDAAB171B5D360800DF2BE6 /* Build configuration list for PBXNativeTarget "PhoenixDemo-ObjectiveC" */;
			buildPhases = (
				7FDAAAFC1B5D360800DF2BE6 /* Sources */,
				7FDAAAFD1B5D360800DF2BE6 /* Frameworks */,
				7FDAAAFE1B5D360800DF2BE6 /* Resources */,
				FEF4A7571B7A290900CD8603 /* CopyFiles */,
			);
			buildRules = (
			);
			dependencies = (
			);
			name = "PhoenixDemo-ObjectiveC";
			productName = "PhoenixDemo-ObjectiveC";
			productReference = 7FDAAB001B5D360800DF2BE6 /* PhoenixDemo-ObjectiveC.app */;
			productType = "com.apple.product-type.application";
		};
/* End PBXNativeTarget section */

/* Begin PBXProject section */
		7FDAAAF81B5D360800DF2BE6 /* Project object */ = {
			isa = PBXProject;
			attributes = {
				LastUpgradeCheck = 0700;
				ORGANIZATIONNAME = Tigerspike;
				TargetAttributes = {
					7FDAAAFF1B5D360800DF2BE6 = {
						CreatedOnToolsVersion = 7.0;
					};
				};
			};
			buildConfigurationList = 7FDAAAFB1B5D360800DF2BE6 /* Build configuration list for PBXProject "PhoenixDemo-ObjectiveC" */;
			compatibilityVersion = "Xcode 3.2";
			developmentRegion = English;
			hasScannedForEncodings = 0;
			knownRegions = (
				en,
				Base,
			);
			mainGroup = 7FDAAAF71B5D360800DF2BE6;
			productRefGroup = 7FDAAB011B5D360800DF2BE6 /* Products */;
			projectDirPath = "";
			projectRoot = "";
			targets = (
				7FDAAAFF1B5D360800DF2BE6 /* PhoenixDemo-ObjectiveC */,
			);
		};
/* End PBXProject section */

/* Begin PBXResourcesBuildPhase section */
		7FDAAAFE1B5D360800DF2BE6 /* Resources */ = {
			isa = PBXResourcesBuildPhase;
			buildActionMask = 2147483647;
			files = (
				BB0A23711B70B1B800CE0C81 /* Identity.storyboard in Resources */,
				FE22F8881B5FEFF400711EBF /* PhoenixConfiguration.json in Resources */,
				7FDAAB131B5D360800DF2BE6 /* LaunchScreen.storyboard in Resources */,
				7FDAAB101B5D360800DF2BE6 /* Assets.xcassets in Resources */,
				7FDAAB0E1B5D360800DF2BE6 /* Main.storyboard in Resources */,
			);
			runOnlyForDeploymentPostprocessing = 0;
		};
/* End PBXResourcesBuildPhase section */

/* Begin PBXSourcesBuildPhase section */
		7FDAAAFC1B5D360800DF2BE6 /* Sources */ = {
			isa = PBXSourcesBuildPhase;
			buildActionMask = 2147483647;
			files = (
				FE16747D1B71052C0085BEC8 /* PHXAuthenticationViewController.m in Sources */,
				FE0C64E31B7247B6008C02D7 /* PHXIdentityModuleViewController.m in Sources */,
				7FDAAB0B1B5D360800DF2BE6 /* ViewController.m in Sources */,
				BB0A237F1B70C60D00CE0C81 /* PHXViewUserViewController.m in Sources */,
				7FDAAB081B5D360800DF2BE6 /* AppDelegate.m in Sources */,
				FE18F9411B86027D00DCF2EF /* PHXPhoenixLocationManager.m in Sources */,
				BB0A237C1B70B8BE00CE0C81 /* PHXPhoenixManager.m in Sources */,
				BB0A23771B70B25F00CE0C81 /* PHXCreateUserViewController.m in Sources */,
				7FDAAB051B5D360800DF2BE6 /* main.m in Sources */,
			);
			runOnlyForDeploymentPostprocessing = 0;
		};
/* End PBXSourcesBuildPhase section */

/* Begin PBXVariantGroup section */
		7FDAAB0C1B5D360800DF2BE6 /* Main.storyboard */ = {
			isa = PBXVariantGroup;
			children = (
				7FDAAB0D1B5D360800DF2BE6 /* Base */,
			);
			name = Main.storyboard;
			sourceTree = "<group>";
		};
		7FDAAB111B5D360800DF2BE6 /* LaunchScreen.storyboard */ = {
			isa = PBXVariantGroup;
			children = (
				7FDAAB121B5D360800DF2BE6 /* Base */,
			);
			name = LaunchScreen.storyboard;
			sourceTree = "<group>";
		};
		BB0A236F1B70B1B800CE0C81 /* Identity.storyboard */ = {
			isa = PBXVariantGroup;
			children = (
				BB0A23701B70B1B800CE0C81 /* Base */,
			);
			name = Identity.storyboard;
			sourceTree = "<group>";
		};
/* End PBXVariantGroup section */

/* Begin XCBuildConfiguration section */
		7FDAAB151B5D360800DF2BE6 /* Debug */ = {
			isa = XCBuildConfiguration;
			buildSettings = {
				ALWAYS_SEARCH_USER_PATHS = NO;
				CLANG_CXX_LANGUAGE_STANDARD = "gnu++0x";
				CLANG_CXX_LIBRARY = "libc++";
				CLANG_ENABLE_MODULES = YES;
				CLANG_ENABLE_OBJC_ARC = YES;
				CLANG_WARN_BOOL_CONVERSION = YES;
				CLANG_WARN_CONSTANT_CONVERSION = YES;
				CLANG_WARN_DIRECT_OBJC_ISA_USAGE = YES_ERROR;
				CLANG_WARN_EMPTY_BODY = YES;
				CLANG_WARN_ENUM_CONVERSION = YES;
				CLANG_WARN_INT_CONVERSION = YES;
				CLANG_WARN_OBJC_ROOT_CLASS = YES_ERROR;
				CLANG_WARN_UNREACHABLE_CODE = YES;
				CLANG_WARN__DUPLICATE_METHOD_MATCH = YES;
				"CODE_SIGN_IDENTITY[sdk=iphoneos*]" = "iPhone Developer";
				COPY_PHASE_STRIP = NO;
				DEBUG_INFORMATION_FORMAT = dwarf;
				ENABLE_STRICT_OBJC_MSGSEND = YES;
				ENABLE_TESTABILITY = YES;
				GCC_C_LANGUAGE_STANDARD = gnu99;
				GCC_DYNAMIC_NO_PIC = NO;
				GCC_NO_COMMON_BLOCKS = YES;
				GCC_OPTIMIZATION_LEVEL = 0;
				GCC_PREPROCESSOR_DEFINITIONS = (
					"DEBUG=1",
					"$(inherited)",
				);
				GCC_WARN_64_TO_32_BIT_CONVERSION = YES;
				GCC_WARN_ABOUT_RETURN_TYPE = YES_ERROR;
				GCC_WARN_UNDECLARED_SELECTOR = YES;
				GCC_WARN_UNINITIALIZED_AUTOS = YES_AGGRESSIVE;
				GCC_WARN_UNUSED_FUNCTION = YES;
				GCC_WARN_UNUSED_VARIABLE = YES;
				IPHONEOS_DEPLOYMENT_TARGET = 9.0;
				MTL_ENABLE_DEBUG_INFO = YES;
				ONLY_ACTIVE_ARCH = YES;
				SDKROOT = iphoneos;
				TARGETED_DEVICE_FAMILY = "1,2";
			};
			name = Debug;
		};
		7FDAAB161B5D360800DF2BE6 /* Release */ = {
			isa = XCBuildConfiguration;
			buildSettings = {
				ALWAYS_SEARCH_USER_PATHS = NO;
				CLANG_CXX_LANGUAGE_STANDARD = "gnu++0x";
				CLANG_CXX_LIBRARY = "libc++";
				CLANG_ENABLE_MODULES = YES;
				CLANG_ENABLE_OBJC_ARC = YES;
				CLANG_WARN_BOOL_CONVERSION = YES;
				CLANG_WARN_CONSTANT_CONVERSION = YES;
				CLANG_WARN_DIRECT_OBJC_ISA_USAGE = YES_ERROR;
				CLANG_WARN_EMPTY_BODY = YES;
				CLANG_WARN_ENUM_CONVERSION = YES;
				CLANG_WARN_INT_CONVERSION = YES;
				CLANG_WARN_OBJC_ROOT_CLASS = YES_ERROR;
				CLANG_WARN_UNREACHABLE_CODE = YES;
				CLANG_WARN__DUPLICATE_METHOD_MATCH = YES;
				"CODE_SIGN_IDENTITY[sdk=iphoneos*]" = "iPhone Developer";
				COPY_PHASE_STRIP = NO;
				DEBUG_INFORMATION_FORMAT = "dwarf-with-dsym";
				ENABLE_NS_ASSERTIONS = NO;
				ENABLE_STRICT_OBJC_MSGSEND = YES;
				GCC_C_LANGUAGE_STANDARD = gnu99;
				GCC_NO_COMMON_BLOCKS = YES;
				GCC_WARN_64_TO_32_BIT_CONVERSION = YES;
				GCC_WARN_ABOUT_RETURN_TYPE = YES_ERROR;
				GCC_WARN_UNDECLARED_SELECTOR = YES;
				GCC_WARN_UNINITIALIZED_AUTOS = YES_AGGRESSIVE;
				GCC_WARN_UNUSED_FUNCTION = YES;
				GCC_WARN_UNUSED_VARIABLE = YES;
				IPHONEOS_DEPLOYMENT_TARGET = 9.0;
				MTL_ENABLE_DEBUG_INFO = NO;
				SDKROOT = iphoneos;
				TARGETED_DEVICE_FAMILY = "1,2";
				VALIDATE_PRODUCT = YES;
			};
			name = Release;
		};
		7FDAAB181B5D360800DF2BE6 /* Debug */ = {
			isa = XCBuildConfiguration;
			buildSettings = {
				ASSETCATALOG_COMPILER_APPICON_NAME = AppIcon;
				INFOPLIST_FILE = "PhoenixDemo-ObjectiveC/Info.plist";
				LD_RUNPATH_SEARCH_PATHS = "$(inherited) @executable_path/Frameworks";
				PRODUCT_BUNDLE_IDENTIFIER = "com.tigerspike.PhoenixDemo-ObjectiveC";
				PRODUCT_NAME = "$(TARGET_NAME)";
			};
			name = Debug;
		};
		7FDAAB191B5D360800DF2BE6 /* Release */ = {
			isa = XCBuildConfiguration;
			buildSettings = {
				ASSETCATALOG_COMPILER_APPICON_NAME = AppIcon;
				INFOPLIST_FILE = "PhoenixDemo-ObjectiveC/Info.plist";
				LD_RUNPATH_SEARCH_PATHS = "$(inherited) @executable_path/Frameworks";
				PRODUCT_BUNDLE_IDENTIFIER = "com.tigerspike.PhoenixDemo-ObjectiveC";
				PRODUCT_NAME = "$(TARGET_NAME)";
			};
			name = Release;
		};
/* End XCBuildConfiguration section */

/* Begin XCConfigurationList section */
		7FDAAAFB1B5D360800DF2BE6 /* Build configuration list for PBXProject "PhoenixDemo-ObjectiveC" */ = {
			isa = XCConfigurationList;
			buildConfigurations = (
				7FDAAB151B5D360800DF2BE6 /* Debug */,
				7FDAAB161B5D360800DF2BE6 /* Release */,
			);
			defaultConfigurationIsVisible = 0;
			defaultConfigurationName = Release;
		};
		7FDAAB171B5D360800DF2BE6 /* Build configuration list for PBXNativeTarget "PhoenixDemo-ObjectiveC" */ = {
			isa = XCConfigurationList;
			buildConfigurations = (
				7FDAAB181B5D360800DF2BE6 /* Debug */,
				7FDAAB191B5D360800DF2BE6 /* Release */,
			);
			defaultConfigurationIsVisible = 0;
			defaultConfigurationName = Release;
		};
/* End XCConfigurationList section */
	};
	rootObject = 7FDAAAF81B5D360800DF2BE6 /* Project object */;
}
