// !$*UTF8*$!
{
	archiveVersion = 1;
	classes = {
	};
	objectVersion = 46;
	objects = {

/* Begin PBXBuildFile section */
		D6405E3F1EAC699C005A735B /* TestClass.swift in Sources */ = {isa = PBXBuildFile; fileRef = D6405E3E1EAC699C005A735B /* TestClass.swift */; };
		D6405E4E1EAC7894005A735B /* IntelligenceManager.swift in Sources */ = {isa = PBXBuildFile; fileRef = D675A2001EA7158000949C4F /* IntelligenceManager.swift */; };
		D6405E4F1EAC7997005A735B /* IntelligenceConfiguration.json in Resources */ = {isa = PBXBuildFile; fileRef = D675A21F1EA72AE500949C4F /* IntelligenceConfiguration.json */; };
		D6405E521EAC7D5E005A735B /* TestClass.swift in Sources */ = {isa = PBXBuildFile; fileRef = D6405E3E1EAC699C005A735B /* TestClass.swift */; };
		D675A1E01EA7123B00949C4F /* AppDelegate.swift in Sources */ = {isa = PBXBuildFile; fileRef = D675A1DF1EA7123B00949C4F /* AppDelegate.swift */; };
		D675A1E21EA7123B00949C4F /* ViewController.swift in Sources */ = {isa = PBXBuildFile; fileRef = D675A1E11EA7123B00949C4F /* ViewController.swift */; };
		D675A1E51EA7123B00949C4F /* Main.storyboard in Resources */ = {isa = PBXBuildFile; fileRef = D675A1E31EA7123B00949C4F /* Main.storyboard */; };
		D675A1E71EA7123B00949C4F /* Assets.xcassets in Resources */ = {isa = PBXBuildFile; fileRef = D675A1E61EA7123B00949C4F /* Assets.xcassets */; };
		D675A1EA1EA7123B00949C4F /* LaunchScreen.storyboard in Resources */ = {isa = PBXBuildFile; fileRef = D675A1E81EA7123B00949C4F /* LaunchScreen.storyboard */; };
		D675A2031EA7158000949C4F /* AnalyticsCustomEventViewController.swift in Sources */ = {isa = PBXBuildFile; fileRef = D675A1F61EA7158000949C4F /* AnalyticsCustomEventViewController.swift */; };
		D675A2041EA7158000949C4F /* ScreenViewedViewController.swift in Sources */ = {isa = PBXBuildFile; fileRef = D675A1F71EA7158000949C4F /* ScreenViewedViewController.swift */; };
		D675A20A1EA7158000949C4F /* IntelligenceManager.swift in Sources */ = {isa = PBXBuildFile; fileRef = D675A2001EA7158000949C4F /* IntelligenceManager.swift */; };
		D675A20B1EA7158000949C4F /* StartupViewController.swift in Sources */ = {isa = PBXBuildFile; fileRef = D675A2021EA7158000949C4F /* StartupViewController.swift */; };
		D675A2171EA715E200949C4F /* Analytics.storyboard in Resources */ = {isa = PBXBuildFile; fileRef = D675A2151EA715E200949C4F /* Analytics.storyboard */; };
		D675A2201EA72AE500949C4F /* IntelligenceConfiguration.json in Resources */ = {isa = PBXBuildFile; fileRef = D675A21F1EA72AE500949C4F /* IntelligenceConfiguration.json */; };
		D6E782761EADB56C00ADCFC9 /* IntelligenceSDK.framework in Frameworks */ = {isa = PBXBuildFile; fileRef = D675A1F21EA7129A00949C4F /* IntelligenceSDK.framework */; };
		D6E7827A1EADB60200ADCFC9 /* IntelligenceTests.swift in Sources */ = {isa = PBXBuildFile; fileRef = D6405E461EAC77CB005A735B /* IntelligenceTests.swift */; };
		D6E782811EADBBC000ADCFC9 /* IntelligenceSDK.framework in Frameworks */ = {isa = PBXBuildFile; fileRef = D675A1F21EA7129A00949C4F /* IntelligenceSDK.framework */; };
		D6E782821EADBBC000ADCFC9 /* IntelligenceSDK.framework in Embed Frameworks */ = {isa = PBXBuildFile; fileRef = D675A1F21EA7129A00949C4F /* IntelligenceSDK.framework */; settings = {ATTRIBUTES = (CodeSignOnCopy, RemoveHeadersOnCopy, ); }; };
/* End PBXBuildFile section */

/* Begin PBXContainerItemProxy section */
		D6405E491EAC77CB005A735B /* PBXContainerItemProxy */ = {
			isa = PBXContainerItemProxy;
			containerPortal = D675A1D41EA7123B00949C4F /* Project object */;
			proxyType = 1;
			remoteGlobalIDString = D675A1DB1EA7123B00949C4F;
			remoteInfo = Intelligence;
		};
/* End PBXContainerItemProxy section */

/* Begin PBXCopyFilesBuildPhase section */
		D6E782831EADBBC000ADCFC9 /* Embed Frameworks */ = {
			isa = PBXCopyFilesBuildPhase;
			buildActionMask = 2147483647;
			dstPath = "";
			dstSubfolderSpec = 10;
			files = (
				D6E782821EADBBC000ADCFC9 /* IntelligenceSDK.framework in Embed Frameworks */,
			);
			name = "Embed Frameworks";
			runOnlyForDeploymentPostprocessing = 0;
		};
/* End PBXCopyFilesBuildPhase section */

/* Begin PBXFileReference section */
		D6405E3E1EAC699C005A735B /* TestClass.swift */ = {isa = PBXFileReference; fileEncoding = 4; lastKnownFileType = sourcecode.swift; path = TestClass.swift; sourceTree = "<group>"; };
		D6405E441EAC77CB005A735B /* IntelligenceTests.xctest */ = {isa = PBXFileReference; explicitFileType = wrapper.cfbundle; includeInIndex = 0; path = IntelligenceTests.xctest; sourceTree = BUILT_PRODUCTS_DIR; };
		D6405E461EAC77CB005A735B /* IntelligenceTests.swift */ = {isa = PBXFileReference; lastKnownFileType = sourcecode.swift; path = IntelligenceTests.swift; sourceTree = "<group>"; };
		D6405E481EAC77CB005A735B /* Info.plist */ = {isa = PBXFileReference; lastKnownFileType = text.plist.xml; path = Info.plist; sourceTree = "<group>"; };
		D675A1DC1EA7123B00949C4F /* Intelligence.app */ = {isa = PBXFileReference; explicitFileType = wrapper.application; includeInIndex = 0; path = Intelligence.app; sourceTree = BUILT_PRODUCTS_DIR; };
		D675A1DF1EA7123B00949C4F /* AppDelegate.swift */ = {isa = PBXFileReference; lastKnownFileType = sourcecode.swift; path = AppDelegate.swift; sourceTree = "<group>"; };
		D675A1E11EA7123B00949C4F /* ViewController.swift */ = {isa = PBXFileReference; lastKnownFileType = sourcecode.swift; path = ViewController.swift; sourceTree = "<group>"; };
		D675A1E41EA7123B00949C4F /* Base */ = {isa = PBXFileReference; lastKnownFileType = file.storyboard; name = Base; path = Base.lproj/Main.storyboard; sourceTree = "<group>"; };
		D675A1E61EA7123B00949C4F /* Assets.xcassets */ = {isa = PBXFileReference; lastKnownFileType = folder.assetcatalog; path = Assets.xcassets; sourceTree = "<group>"; };
		D675A1E91EA7123B00949C4F /* Base */ = {isa = PBXFileReference; lastKnownFileType = file.storyboard; name = Base; path = Base.lproj/LaunchScreen.storyboard; sourceTree = "<group>"; };
		D675A1EB1EA7123B00949C4F /* Info.plist */ = {isa = PBXFileReference; lastKnownFileType = text.plist.xml; path = Info.plist; sourceTree = "<group>"; };
		D675A1F21EA7129A00949C4F /* IntelligenceSDK.framework */ = {isa = PBXFileReference; lastKnownFileType = wrapper.framework; path = IntelligenceSDK.framework; sourceTree = "<group>"; };
		D675A1F61EA7158000949C4F /* AnalyticsCustomEventViewController.swift */ = {isa = PBXFileReference; fileEncoding = 4; lastKnownFileType = sourcecode.swift; path = AnalyticsCustomEventViewController.swift; sourceTree = "<group>"; };
		D675A1F71EA7158000949C4F /* ScreenViewedViewController.swift */ = {isa = PBXFileReference; fileEncoding = 4; lastKnownFileType = sourcecode.swift; path = ScreenViewedViewController.swift; sourceTree = "<group>"; };
		D675A2001EA7158000949C4F /* IntelligenceManager.swift */ = {isa = PBXFileReference; fileEncoding = 4; lastKnownFileType = sourcecode.swift; path = IntelligenceManager.swift; sourceTree = "<group>"; };
		D675A2021EA7158000949C4F /* StartupViewController.swift */ = {isa = PBXFileReference; fileEncoding = 4; lastKnownFileType = sourcecode.swift; path = StartupViewController.swift; sourceTree = "<group>"; };
		D675A2161EA715E200949C4F /* Base */ = {isa = PBXFileReference; lastKnownFileType = file.storyboard; name = Base; path = Intelligence/Base.lproj/Analytics.storyboard; sourceTree = SOURCE_ROOT; };
		D675A21F1EA72AE500949C4F /* IntelligenceConfiguration.json */ = {isa = PBXFileReference; fileEncoding = 4; lastKnownFileType = text.json; path = IntelligenceConfiguration.json; sourceTree = "<group>"; };
/* End PBXFileReference section */

/* Begin PBXFrameworksBuildPhase section */
		D6405E411EAC77CB005A735B /* Frameworks */ = {
			isa = PBXFrameworksBuildPhase;
			buildActionMask = 2147483647;
			files = (
				D6E782761EADB56C00ADCFC9 /* IntelligenceSDK.framework in Frameworks */,
			);
			runOnlyForDeploymentPostprocessing = 0;
		};
		D675A1D91EA7123B00949C4F /* Frameworks */ = {
			isa = PBXFrameworksBuildPhase;
			buildActionMask = 2147483647;
			files = (
				D6E782811EADBBC000ADCFC9 /* IntelligenceSDK.framework in Frameworks */,
			);
			runOnlyForDeploymentPostprocessing = 0;
		};
/* End PBXFrameworksBuildPhase section */

/* Begin PBXGroup section */
		D6405E3D1EAC6983005A735B /* Automation */ = {
			isa = PBXGroup;
			children = (
				D6405E3E1EAC699C005A735B /* TestClass.swift */,
			);
			path = Automation;
			sourceTree = "<group>";
		};
		D6405E451EAC77CB005A735B /* IntelligenceTests */ = {
			isa = PBXGroup;
			children = (
				D6405E461EAC77CB005A735B /* IntelligenceTests.swift */,
				D6405E481EAC77CB005A735B /* Info.plist */,
			);
			path = IntelligenceTests;
			sourceTree = "<group>";
		};
		D675A1D31EA7123B00949C4F = {
			isa = PBXGroup;
			children = (
				D675A1F11EA7129A00949C4F /* External_Framework */,
				D675A1DE1EA7123B00949C4F /* Intelligence */,
				D6405E451EAC77CB005A735B /* IntelligenceTests */,
				D675A1DD1EA7123B00949C4F /* Products */,
			);
			sourceTree = "<group>";
		};
		D675A1DD1EA7123B00949C4F /* Products */ = {
			isa = PBXGroup;
			children = (
				D675A1DC1EA7123B00949C4F /* Intelligence.app */,
				D6405E441EAC77CB005A735B /* IntelligenceTests.xctest */,
			);
			name = Products;
			sourceTree = "<group>";
		};
		D675A1DE1EA7123B00949C4F /* Intelligence */ = {
			isa = PBXGroup;
			children = (
				D675A1F41EA7158000949C4F /* Classes */,
				D675A1DF1EA7123B00949C4F /* AppDelegate.swift */,
				D675A1E11EA7123B00949C4F /* ViewController.swift */,
				D675A1E31EA7123B00949C4F /* Main.storyboard */,
				D675A1E61EA7123B00949C4F /* Assets.xcassets */,
				D675A1E81EA7123B00949C4F /* LaunchScreen.storyboard */,
				D675A1EB1EA7123B00949C4F /* Info.plist */,
			);
			path = Intelligence;
			sourceTree = "<group>";
		};
		D675A1F11EA7129A00949C4F /* External_Framework */ = {
			isa = PBXGroup;
			children = (
				D675A1F21EA7129A00949C4F /* IntelligenceSDK.framework */,
			);
			path = External_Framework;
			sourceTree = "<group>";
		};
		D675A1F41EA7158000949C4F /* Classes */ = {
			isa = PBXGroup;
			children = (
				D6405E3D1EAC6983005A735B /* Automation */,
				D675A21E1EA72AE500949C4F /* Configuration */,
				D675A1F51EA7158000949C4F /* Analytics */,
				D675A1FF1EA7158000949C4F /* Manager */,
				D675A2011EA7158000949C4F /* Startup */,
			);
			path = Classes;
			sourceTree = "<group>";
		};
		D675A1F51EA7158000949C4F /* Analytics */ = {
			isa = PBXGroup;
			children = (
				D675A1F61EA7158000949C4F /* AnalyticsCustomEventViewController.swift */,
				D675A1F71EA7158000949C4F /* ScreenViewedViewController.swift */,
				D675A2151EA715E200949C4F /* Analytics.storyboard */,
			);
			path = Analytics;
			sourceTree = "<group>";
		};
		D675A1FF1EA7158000949C4F /* Manager */ = {
			isa = PBXGroup;
			children = (
				D675A2001EA7158000949C4F /* IntelligenceManager.swift */,
			);
			path = Manager;
			sourceTree = "<group>";
		};
		D675A2011EA7158000949C4F /* Startup */ = {
			isa = PBXGroup;
			children = (
				D675A2021EA7158000949C4F /* StartupViewController.swift */,
			);
			path = Startup;
			sourceTree = "<group>";
		};
		D675A21E1EA72AE500949C4F /* Configuration */ = {
			isa = PBXGroup;
			children = (
				D675A21F1EA72AE500949C4F /* IntelligenceConfiguration.json */,
			);
			path = Configuration;
			sourceTree = "<group>";
		};
/* End PBXGroup section */

/* Begin PBXNativeTarget section */
		D6405E431EAC77CB005A735B /* IntelligenceTests */ = {
			isa = PBXNativeTarget;
			buildConfigurationList = D6405E4D1EAC77CB005A735B /* Build configuration list for PBXNativeTarget "IntelligenceTests" */;
			buildPhases = (
				D6405E401EAC77CB005A735B /* Sources */,
				D6405E411EAC77CB005A735B /* Frameworks */,
				D6405E421EAC77CB005A735B /* Resources */,
			);
			buildRules = (
			);
			dependencies = (
				D6405E4A1EAC77CB005A735B /* PBXTargetDependency */,
			);
			name = IntelligenceTests;
			productName = IntelligenceTests;
			productReference = D6405E441EAC77CB005A735B /* IntelligenceTests.xctest */;
			productType = "com.apple.product-type.bundle.unit-test";
		};
		D675A1DB1EA7123B00949C4F /* Intelligence */ = {
			isa = PBXNativeTarget;
			buildConfigurationList = D675A1EE1EA7123B00949C4F /* Build configuration list for PBXNativeTarget "Intelligence" */;
			buildPhases = (
				D675A1D81EA7123B00949C4F /* Sources */,
				D675A1D91EA7123B00949C4F /* Frameworks */,
				D675A1DA1EA7123B00949C4F /* Resources */,
				D6E782831EADBBC000ADCFC9 /* Embed Frameworks */,
			);
			buildRules = (
			);
			dependencies = (
			);
			name = Intelligence;
			productName = Intelligence;
			productReference = D675A1DC1EA7123B00949C4F /* Intelligence.app */;
			productType = "com.apple.product-type.application";
		};
/* End PBXNativeTarget section */

/* Begin PBXProject section */
		D675A1D41EA7123B00949C4F /* Project object */ = {
			isa = PBXProject;
			attributes = {
				LastSwiftUpdateCheck = 0830;
				LastUpgradeCheck = 0830;
				ORGANIZATIONNAME = TigerSpike;
				TargetAttributes = {
					D6405E431EAC77CB005A735B = {
						CreatedOnToolsVersion = 8.3.1;
						DevelopmentTeam = 5364AC7HJT;
						ProvisioningStyle = Automatic;
						TestTargetID = D675A1DB1EA7123B00949C4F;
					};
					D675A1DB1EA7123B00949C4F = {
						CreatedOnToolsVersion = 8.3.1;
						DevelopmentTeam = 5364AC7HJT;
						ProvisioningStyle = Automatic;
					};
				};
			};
			buildConfigurationList = D675A1D71EA7123B00949C4F /* Build configuration list for PBXProject "Intelligence" */;
			compatibilityVersion = "Xcode 3.2";
			developmentRegion = English;
			hasScannedForEncodings = 0;
			knownRegions = (
				en,
				Base,
			);
			mainGroup = D675A1D31EA7123B00949C4F;
			productRefGroup = D675A1DD1EA7123B00949C4F /* Products */;
			projectDirPath = "";
			projectRoot = "";
			targets = (
				D675A1DB1EA7123B00949C4F /* Intelligence */,
				D6405E431EAC77CB005A735B /* IntelligenceTests */,
			);
		};
/* End PBXProject section */

/* Begin PBXResourcesBuildPhase section */
		D6405E421EAC77CB005A735B /* Resources */ = {
			isa = PBXResourcesBuildPhase;
			buildActionMask = 2147483647;
			files = (
				D6405E4F1EAC7997005A735B /* IntelligenceConfiguration.json in Resources */,
			);
			runOnlyForDeploymentPostprocessing = 0;
		};
		D675A1DA1EA7123B00949C4F /* Resources */ = {
			isa = PBXResourcesBuildPhase;
			buildActionMask = 2147483647;
			files = (
				D675A2171EA715E200949C4F /* Analytics.storyboard in Resources */,
				D675A1EA1EA7123B00949C4F /* LaunchScreen.storyboard in Resources */,
				D675A1E71EA7123B00949C4F /* Assets.xcassets in Resources */,
				D675A2201EA72AE500949C4F /* IntelligenceConfiguration.json in Resources */,
				D675A1E51EA7123B00949C4F /* Main.storyboard in Resources */,
			);
			runOnlyForDeploymentPostprocessing = 0;
		};
/* End PBXResourcesBuildPhase section */

/* Begin PBXSourcesBuildPhase section */
		D6405E401EAC77CB005A735B /* Sources */ = {
			isa = PBXSourcesBuildPhase;
			buildActionMask = 2147483647;
			files = (
				D6405E4E1EAC7894005A735B /* IntelligenceManager.swift in Sources */,
				D6E7827A1EADB60200ADCFC9 /* IntelligenceTests.swift in Sources */,
				D6405E521EAC7D5E005A735B /* TestClass.swift in Sources */,
			);
			runOnlyForDeploymentPostprocessing = 0;
		};
		D675A1D81EA7123B00949C4F /* Sources */ = {
			isa = PBXSourcesBuildPhase;
			buildActionMask = 2147483647;
			files = (
				D675A2041EA7158000949C4F /* ScreenViewedViewController.swift in Sources */,
				D675A1E21EA7123B00949C4F /* ViewController.swift in Sources */,
				D675A20A1EA7158000949C4F /* IntelligenceManager.swift in Sources */,
				D675A20B1EA7158000949C4F /* StartupViewController.swift in Sources */,
				D6405E3F1EAC699C005A735B /* TestClass.swift in Sources */,
				D675A1E01EA7123B00949C4F /* AppDelegate.swift in Sources */,
				D675A2031EA7158000949C4F /* AnalyticsCustomEventViewController.swift in Sources */,
			);
			runOnlyForDeploymentPostprocessing = 0;
		};
/* End PBXSourcesBuildPhase section */

/* Begin PBXTargetDependency section */
		D6405E4A1EAC77CB005A735B /* PBXTargetDependency */ = {
			isa = PBXTargetDependency;
			target = D675A1DB1EA7123B00949C4F /* Intelligence */;
			targetProxy = D6405E491EAC77CB005A735B /* PBXContainerItemProxy */;
		};
/* End PBXTargetDependency section */

/* Begin PBXVariantGroup section */
		D675A1E31EA7123B00949C4F /* Main.storyboard */ = {
			isa = PBXVariantGroup;
			children = (
				D675A1E41EA7123B00949C4F /* Base */,
			);
			name = Main.storyboard;
			sourceTree = "<group>";
		};
		D675A1E81EA7123B00949C4F /* LaunchScreen.storyboard */ = {
			isa = PBXVariantGroup;
			children = (
				D675A1E91EA7123B00949C4F /* Base */,
			);
			name = LaunchScreen.storyboard;
			sourceTree = "<group>";
		};
		D675A2151EA715E200949C4F /* Analytics.storyboard */ = {
			isa = PBXVariantGroup;
			children = (
				D675A2161EA715E200949C4F /* Base */,
			);
			name = Analytics.storyboard;
			sourceTree = "<group>";
		};
/* End PBXVariantGroup section */

/* Begin XCBuildConfiguration section */
		D6405E4B1EAC77CB005A735B /* Debug */ = {
			isa = XCBuildConfiguration;
			buildSettings = {
				BUNDLE_LOADER = "$(TEST_HOST)";
				DEVELOPMENT_TEAM = 5364AC7HJT;
				FRAMEWORK_SEARCH_PATHS = (
					"$(inherited)",
					"$(PROJECT_DIR)/External_Framework",
				);
				INFOPLIST_FILE = IntelligenceTests/Info.plist;
				LD_RUNPATH_SEARCH_PATHS = "$(inherited) @executable_path/Frameworks @loader_path/Frameworks";
				PRODUCT_BUNDLE_IDENTIFIER = com.MyApps.IntelligenceTests;
				PRODUCT_NAME = "$(TARGET_NAME)";
				SWIFT_VERSION = 3.0;
				TEST_HOST = "$(BUILT_PRODUCTS_DIR)/Intelligence.app/Intelligence";
			};
			name = Debug;
		};
		D6405E4C1EAC77CB005A735B /* Release */ = {
			isa = XCBuildConfiguration;
			buildSettings = {
				BUNDLE_LOADER = "$(TEST_HOST)";
				DEVELOPMENT_TEAM = 5364AC7HJT;
				FRAMEWORK_SEARCH_PATHS = (
					"$(inherited)",
					"$(PROJECT_DIR)/External_Framework",
				);
				INFOPLIST_FILE = IntelligenceTests/Info.plist;
				LD_RUNPATH_SEARCH_PATHS = "$(inherited) @executable_path/Frameworks @loader_path/Frameworks";
				PRODUCT_BUNDLE_IDENTIFIER = com.MyApps.IntelligenceTests;
				PRODUCT_NAME = "$(TARGET_NAME)";
				SWIFT_VERSION = 3.0;
				TEST_HOST = "$(BUILT_PRODUCTS_DIR)/Intelligence.app/Intelligence";
			};
			name = Release;
		};
		D675A1EC1EA7123B00949C4F /* Debug */ = {
			isa = XCBuildConfiguration;
			buildSettings = {
				ALWAYS_SEARCH_USER_PATHS = NO;
				CLANG_ANALYZER_NONNULL = YES;
				CLANG_ANALYZER_NUMBER_OBJECT_CONVERSION = YES_AGGRESSIVE;
				CLANG_CXX_LANGUAGE_STANDARD = "gnu++0x";
				CLANG_CXX_LIBRARY = "libc++";
				CLANG_ENABLE_MODULES = YES;
				CLANG_ENABLE_OBJC_ARC = YES;
				CLANG_WARN_BOOL_CONVERSION = YES;
				CLANG_WARN_CONSTANT_CONVERSION = YES;
				CLANG_WARN_DIRECT_OBJC_ISA_USAGE = YES_ERROR;
				CLANG_WARN_DOCUMENTATION_COMMENTS = YES;
				CLANG_WARN_EMPTY_BODY = YES;
				CLANG_WARN_ENUM_CONVERSION = YES;
				CLANG_WARN_INFINITE_RECURSION = YES;
				CLANG_WARN_INT_CONVERSION = YES;
				CLANG_WARN_OBJC_ROOT_CLASS = YES_ERROR;
				CLANG_WARN_SUSPICIOUS_MOVE = YES;
				CLANG_WARN_UNREACHABLE_CODE = YES;
				CLANG_WARN__DUPLICATE_METHOD_MATCH = YES;
				"CODE_SIGN_IDENTITY[sdk=iphoneos*]" = "iPhone Developer";
				COPY_PHASE_STRIP = NO;
				DEBUG_INFORMATION_FORMAT = dwarf;
				ENABLE_STRICT_OBJC_MSGSEND = YES;
				ENABLE_TESTABILITY = YES;
				GCC_C_LANGUAGE_STANDARD = gnu99;
				GCC_DYNAMIC_NO_PIC = NO;
				GCC_NO_COMMON_BLOCKS = YES;
				GCC_OPTIMIZATION_LEVEL = 0;
				GCC_PREPROCESSOR_DEFINITIONS = (
					"DEBUG=1",
					"$(inherited)",
				);
				GCC_WARN_64_TO_32_BIT_CONVERSION = YES;
				GCC_WARN_ABOUT_RETURN_TYPE = YES_ERROR;
				GCC_WARN_UNDECLARED_SELECTOR = YES;
				GCC_WARN_UNINITIALIZED_AUTOS = YES_AGGRESSIVE;
				GCC_WARN_UNUSED_FUNCTION = YES;
				GCC_WARN_UNUSED_VARIABLE = YES;
				IPHONEOS_DEPLOYMENT_TARGET = 9.1;
				MTL_ENABLE_DEBUG_INFO = YES;
				ONLY_ACTIVE_ARCH = YES;
				OTHER_SWIFT_FLAGS = "-DTESTING_SAMPLE";
				SDKROOT = iphoneos;
				SWIFT_ACTIVE_COMPILATION_CONDITIONS = DEBUG;
				SWIFT_OPTIMIZATION_LEVEL = "-Onone";
			};
			name = Debug;
		};
		D675A1ED1EA7123B00949C4F /* Release */ = {
			isa = XCBuildConfiguration;
			buildSettings = {
				ALWAYS_SEARCH_USER_PATHS = NO;
				CLANG_ANALYZER_NONNULL = YES;
				CLANG_ANALYZER_NUMBER_OBJECT_CONVERSION = YES_AGGRESSIVE;
				CLANG_CXX_LANGUAGE_STANDARD = "gnu++0x";
				CLANG_CXX_LIBRARY = "libc++";
				CLANG_ENABLE_MODULES = YES;
				CLANG_ENABLE_OBJC_ARC = YES;
				CLANG_WARN_BOOL_CONVERSION = YES;
				CLANG_WARN_CONSTANT_CONVERSION = YES;
				CLANG_WARN_DIRECT_OBJC_ISA_USAGE = YES_ERROR;
				CLANG_WARN_DOCUMENTATION_COMMENTS = YES;
				CLANG_WARN_EMPTY_BODY = YES;
				CLANG_WARN_ENUM_CONVERSION = YES;
				CLANG_WARN_INFINITE_RECURSION = YES;
				CLANG_WARN_INT_CONVERSION = YES;
				CLANG_WARN_OBJC_ROOT_CLASS = YES_ERROR;
				CLANG_WARN_SUSPICIOUS_MOVE = YES;
				CLANG_WARN_UNREACHABLE_CODE = YES;
				CLANG_WARN__DUPLICATE_METHOD_MATCH = YES;
				"CODE_SIGN_IDENTITY[sdk=iphoneos*]" = "iPhone Developer";
				COPY_PHASE_STRIP = NO;
				DEBUG_INFORMATION_FORMAT = "dwarf-with-dsym";
				ENABLE_NS_ASSERTIONS = NO;
				ENABLE_STRICT_OBJC_MSGSEND = YES;
				GCC_C_LANGUAGE_STANDARD = gnu99;
				GCC_NO_COMMON_BLOCKS = YES;
				GCC_WARN_64_TO_32_BIT_CONVERSION = YES;
				GCC_WARN_ABOUT_RETURN_TYPE = YES_ERROR;
				GCC_WARN_UNDECLARED_SELECTOR = YES;
				GCC_WARN_UNINITIALIZED_AUTOS = YES_AGGRESSIVE;
				GCC_WARN_UNUSED_FUNCTION = YES;
				GCC_WARN_UNUSED_VARIABLE = YES;
				IPHONEOS_DEPLOYMENT_TARGET = 9.1;
				MTL_ENABLE_DEBUG_INFO = NO;
				OTHER_SWIFT_FLAGS = "-DTESTING_SAMPLE";
				SDKROOT = iphoneos;
				SWIFT_OPTIMIZATION_LEVEL = "-Owholemodule";
				VALIDATE_PRODUCT = YES;
			};
			name = Release;
		};
		D675A1EF1EA7123B00949C4F /* Debug */ = {
			isa = XCBuildConfiguration;
			buildSettings = {
				ASSETCATALOG_COMPILER_APPICON_NAME = AppIcon;
				DEVELOPMENT_TEAM = 5364AC7HJT;
				FRAMEWORK_SEARCH_PATHS = (
					"$(inherited)",
					"$(PROJECT_DIR)/External_Framework",
				);
				INFOPLIST_FILE = Intelligence/Info.plist;
				LD_RUNPATH_SEARCH_PATHS = "$(inherited) @executable_path/Frameworks";
				PRODUCT_BUNDLE_IDENTIFIER = com.MyApps.Intelligence;
				PRODUCT_NAME = "$(TARGET_NAME)";
				SWIFT_VERSION = 3.0;
			};
			name = Debug;
		};
		D675A1F01EA7123B00949C4F /* Release */ = {
			isa = XCBuildConfiguration;
			buildSettings = {
				ASSETCATALOG_COMPILER_APPICON_NAME = AppIcon;
				DEVELOPMENT_TEAM = 5364AC7HJT;
				ENABLE_TESTABILITY = NO;
				FRAMEWORK_SEARCH_PATHS = (
					"$(inherited)",
					"$(PROJECT_DIR)/External_Framework",
				);
				INFOPLIST_FILE = Intelligence/Info.plist;
				LD_RUNPATH_SEARCH_PATHS = "$(inherited) @executable_path/Frameworks";
				PRODUCT_BUNDLE_IDENTIFIER = com.MyApps.Intelligence;
				PRODUCT_NAME = "$(TARGET_NAME)";
				SWIFT_VERSION = 3.0;
			};
			name = Release;
		};
/* End XCBuildConfiguration section */

/* Begin XCConfigurationList section */
		D6405E4D1EAC77CB005A735B /* Build configuration list for PBXNativeTarget "IntelligenceTests" */ = {
			isa = XCConfigurationList;
			buildConfigurations = (
				D6405E4B1EAC77CB005A735B /* Debug */,
				D6405E4C1EAC77CB005A735B /* Release */,
			);
			defaultConfigurationIsVisible = 0;
			defaultConfigurationName = Release;
		};
		D675A1D71EA7123B00949C4F /* Build configuration list for PBXProject "Intelligence" */ = {
			isa = XCConfigurationList;
			buildConfigurations = (
				D675A1EC1EA7123B00949C4F /* Debug */,
				D675A1ED1EA7123B00949C4F /* Release */,
			);
			defaultConfigurationIsVisible = 0;
			defaultConfigurationName = Release;
		};
		D675A1EE1EA7123B00949C4F /* Build configuration list for PBXNativeTarget "Intelligence" */ = {
			isa = XCConfigurationList;
			buildConfigurations = (
				D675A1EF1EA7123B00949C4F /* Debug */,
				D675A1F01EA7123B00949C4F /* Release */,
			);
			defaultConfigurationIsVisible = 0;
			defaultConfigurationName = Release;
		};
/* End XCConfigurationList section */
	};
	rootObject = D675A1D41EA7123B00949C4F /* Project object */;
}
