// !$*UTF8*$!
{
	archiveVersion = 1;
	classes = {
	};
	objectVersion = 46;
	objects = {

/* Begin PBXBuildFile section */
		4938230C59DA8C351DF2CECE /* Pods_Intelligence.framework in Frameworks */ = {isa = PBXBuildFile; fileRef = 7EF9D37303316FED5972F102 /* Pods_Intelligence.framework */; };
		D675A22F1EA72B3600949C4F /* main.m in Sources */ = {isa = PBXBuildFile; fileRef = D675A22E1EA72B3600949C4F /* main.m */; };
		D675A2321EA72B3600949C4F /* AppDelegate.m in Sources */ = {isa = PBXBuildFile; fileRef = D675A2311EA72B3600949C4F /* AppDelegate.m */; };
		D675A2351EA72B3600949C4F /* ViewController.m in Sources */ = {isa = PBXBuildFile; fileRef = D675A2341EA72B3600949C4F /* ViewController.m */; };
		D675A2381EA72B3600949C4F /* Main.storyboard in Resources */ = {isa = PBXBuildFile; fileRef = D675A2361EA72B3600949C4F /* Main.storyboard */; };
		D675A23A1EA72B3600949C4F /* Assets.xcassets in Resources */ = {isa = PBXBuildFile; fileRef = D675A2391EA72B3600949C4F /* Assets.xcassets */; };
		D675A23D1EA72B3600949C4F /* LaunchScreen.storyboard in Resources */ = {isa = PBXBuildFile; fileRef = D675A23B1EA72B3600949C4F /* LaunchScreen.storyboard */; };
		D675A2BA1EA730B000949C4F /* INTAnalyticsCustomEventViewController.m in Sources */ = {isa = PBXBuildFile; fileRef = D675A2A31EA730B000949C4F /* INTAnalyticsCustomEventViewController.m */; };
		D675A2BB1EA730B000949C4F /* INTScreenViewedViewController.m in Sources */ = {isa = PBXBuildFile; fileRef = D675A2A51EA730B000949C4F /* INTScreenViewedViewController.m */; };
		D675A2C21EA730B000949C4F /* INTIntelligenceManager.m in Sources */ = {isa = PBXBuildFile; fileRef = D675A2B61EA730B000949C4F /* INTIntelligenceManager.m */; };
		D675A2C31EA730B000949C4F /* INTStartupViewController.m in Sources */ = {isa = PBXBuildFile; fileRef = D675A2B91EA730B000949C4F /* INTStartupViewController.m */; };
		D675A2CA1EA730C600949C4F /* Analytics.storyboard in Resources */ = {isa = PBXBuildFile; fileRef = D675A2C41EA730C600949C4F /* Analytics.storyboard */; };
		D675A2DE1EA73ACB00949C4F /* IntelligenceConfiguration.json in Resources */ = {isa = PBXBuildFile; fileRef = D675A2DD1EA73ACB00949C4F /* IntelligenceConfiguration.json */; };
/* End PBXBuildFile section */

/* Begin PBXCopyFilesBuildPhase section */
		D675A2DA1EA739CC00949C4F /* Embed Frameworks */ = {
			isa = PBXCopyFilesBuildPhase;
			buildActionMask = 2147483647;
			dstPath = "";
			dstSubfolderSpec = 10;
			files = (
			);
			name = "Embed Frameworks";
			runOnlyForDeploymentPostprocessing = 0;
		};
/* End PBXCopyFilesBuildPhase section */

/* Begin PBXFileReference section */
		1BC4AF673341DF8B60DAFA3B /* Pods-Intelligence.release.xcconfig */ = {isa = PBXFileReference; includeInIndex = 1; lastKnownFileType = text.xcconfig; name = "Pods-Intelligence.release.xcconfig"; path = "Pods/Target Support Files/Pods-Intelligence/Pods-Intelligence.release.xcconfig"; sourceTree = "<group>"; };
		7EF9D37303316FED5972F102 /* Pods_Intelligence.framework */ = {isa = PBXFileReference; explicitFileType = wrapper.framework; includeInIndex = 0; path = Pods_Intelligence.framework; sourceTree = BUILT_PRODUCTS_DIR; };
		A43AF538CE061D857F70915C /* Pods-Intelligence.debug.xcconfig */ = {isa = PBXFileReference; includeInIndex = 1; lastKnownFileType = text.xcconfig; name = "Pods-Intelligence.debug.xcconfig"; path = "Pods/Target Support Files/Pods-Intelligence/Pods-Intelligence.debug.xcconfig"; sourceTree = "<group>"; };
		D675A22A1EA72B3600949C4F /* Intelligence.app */ = {isa = PBXFileReference; explicitFileType = wrapper.application; includeInIndex = 0; path = Intelligence.app; sourceTree = BUILT_PRODUCTS_DIR; };
		D675A22E1EA72B3600949C4F /* main.m */ = {isa = PBXFileReference; lastKnownFileType = sourcecode.c.objc; path = main.m; sourceTree = "<group>"; };
		D675A2301EA72B3600949C4F /* AppDelegate.h */ = {isa = PBXFileReference; lastKnownFileType = sourcecode.c.h; path = AppDelegate.h; sourceTree = "<group>"; };
		D675A2311EA72B3600949C4F /* AppDelegate.m */ = {isa = PBXFileReference; lastKnownFileType = sourcecode.c.objc; path = AppDelegate.m; sourceTree = "<group>"; };
		D675A2331EA72B3600949C4F /* ViewController.h */ = {isa = PBXFileReference; lastKnownFileType = sourcecode.c.h; path = ViewController.h; sourceTree = "<group>"; };
		D675A2341EA72B3600949C4F /* ViewController.m */ = {isa = PBXFileReference; lastKnownFileType = sourcecode.c.objc; path = ViewController.m; sourceTree = "<group>"; };
		D675A2371EA72B3600949C4F /* Base */ = {isa = PBXFileReference; lastKnownFileType = file.storyboard; name = Base; path = Base.lproj/Main.storyboard; sourceTree = "<group>"; };
		D675A2391EA72B3600949C4F /* Assets.xcassets */ = {isa = PBXFileReference; lastKnownFileType = folder.assetcatalog; path = Assets.xcassets; sourceTree = "<group>"; };
		D675A23C1EA72B3600949C4F /* Base */ = {isa = PBXFileReference; lastKnownFileType = file.storyboard; name = Base; path = Base.lproj/LaunchScreen.storyboard; sourceTree = "<group>"; };
		D675A23E1EA72B3600949C4F /* Info.plist */ = {isa = PBXFileReference; lastKnownFileType = text.plist.xml; path = Info.plist; sourceTree = "<group>"; };
		D675A2A21EA730B000949C4F /* INTAnalyticsCustomEventViewController.h */ = {isa = PBXFileReference; fileEncoding = 4; lastKnownFileType = sourcecode.c.h; path = INTAnalyticsCustomEventViewController.h; sourceTree = "<group>"; };
		D675A2A31EA730B000949C4F /* INTAnalyticsCustomEventViewController.m */ = {isa = PBXFileReference; fileEncoding = 4; lastKnownFileType = sourcecode.c.objc; path = INTAnalyticsCustomEventViewController.m; sourceTree = "<group>"; };
		D675A2A41EA730B000949C4F /* INTScreenViewedViewController.h */ = {isa = PBXFileReference; fileEncoding = 4; lastKnownFileType = sourcecode.c.h; path = INTScreenViewedViewController.h; sourceTree = "<group>"; };
		D675A2A51EA730B000949C4F /* INTScreenViewedViewController.m */ = {isa = PBXFileReference; fileEncoding = 4; lastKnownFileType = sourcecode.c.objc; path = INTScreenViewedViewController.m; sourceTree = "<group>"; };
		D675A2B51EA730B000949C4F /* INTIntelligenceManager.h */ = {isa = PBXFileReference; fileEncoding = 4; lastKnownFileType = sourcecode.c.h; path = INTIntelligenceManager.h; sourceTree = "<group>"; };
		D675A2B61EA730B000949C4F /* INTIntelligenceManager.m */ = {isa = PBXFileReference; fileEncoding = 4; lastKnownFileType = sourcecode.c.objc; path = INTIntelligenceManager.m; sourceTree = "<group>"; };
		D675A2B81EA730B000949C4F /* INTStartupViewController.h */ = {isa = PBXFileReference; fileEncoding = 4; lastKnownFileType = sourcecode.c.h; path = INTStartupViewController.h; sourceTree = "<group>"; };
		D675A2B91EA730B000949C4F /* INTStartupViewController.m */ = {isa = PBXFileReference; fileEncoding = 4; lastKnownFileType = sourcecode.c.objc; path = INTStartupViewController.m; sourceTree = "<group>"; };
		D675A2C51EA730C600949C4F /* Base */ = {isa = PBXFileReference; lastKnownFileType = file.storyboard; name = Base; path = Base.lproj/Analytics.storyboard; sourceTree = "<group>"; };
		D675A2D41EA7396500949C4F /* Pods_Intelligence.framework */ = {isa = PBXFileReference; lastKnownFileType = wrapper.framework; name = Pods_Intelligence.framework; path = "../../../../../../Library/Developer/Xcode/DerivedData/Build/Products/Debug-iphonesimulator/Pods_Intelligence.framework"; sourceTree = "<group>"; };
		D675A2DD1EA73ACB00949C4F /* IntelligenceConfiguration.json */ = {isa = PBXFileReference; fileEncoding = 4; lastKnownFileType = text.json; path = IntelligenceConfiguration.json; sourceTree = "<group>"; };
/* End PBXFileReference section */

/* Begin PBXFrameworksBuildPhase section */
		D675A2271EA72B3600949C4F /* Frameworks */ = {
			isa = PBXFrameworksBuildPhase;
			buildActionMask = 2147483647;
			files = (
				4938230C59DA8C351DF2CECE /* Pods_Intelligence.framework in Frameworks */,
			);
			runOnlyForDeploymentPostprocessing = 0;
		};
/* End PBXFrameworksBuildPhase section */

/* Begin PBXGroup section */
		32E8422B3A5171F5B3A23040 /* Pods */ = {
			isa = PBXGroup;
			children = (
				A43AF538CE061D857F70915C /* Pods-Intelligence.debug.xcconfig */,
				1BC4AF673341DF8B60DAFA3B /* Pods-Intelligence.release.xcconfig */,
			);
			name = Pods;
			sourceTree = "<group>";
		};
		D60AC2521EC404A400252507 /* Modify */ = {
			isa = PBXGroup;
			children = (
			);
			path = Modify;
			sourceTree = "<group>";
		};
		D675A2211EA72B3500949C4F = {
			isa = PBXGroup;
			children = (
				D675A22C1EA72B3600949C4F /* Intelligence */,
				D675A22B1EA72B3600949C4F /* Products */,
				32E8422B3A5171F5B3A23040 /* Pods */,
				F84094513E6B600059080AD1 /* Frameworks */,
			);
			sourceTree = "<group>";
		};
		D675A22B1EA72B3600949C4F /* Products */ = {
			isa = PBXGroup;
			children = (
				D675A22A1EA72B3600949C4F /* Intelligence.app */,
			);
			name = Products;
			sourceTree = "<group>";
		};
		D675A22C1EA72B3600949C4F /* Intelligence */ = {
			isa = PBXGroup;
			children = (
				D675A2A01EA730AF00949C4F /* Classes */,
				D675A2301EA72B3600949C4F /* AppDelegate.h */,
				D675A2311EA72B3600949C4F /* AppDelegate.m */,
				D675A2331EA72B3600949C4F /* ViewController.h */,
				D675A2341EA72B3600949C4F /* ViewController.m */,
				D675A2361EA72B3600949C4F /* Main.storyboard */,
				D675A2391EA72B3600949C4F /* Assets.xcassets */,
				D675A23B1EA72B3600949C4F /* LaunchScreen.storyboard */,
				D675A23E1EA72B3600949C4F /* Info.plist */,
				D675A22D1EA72B3600949C4F /* Supporting Files */,
			);
			path = Intelligence;
			sourceTree = "<group>";
		};
		D675A22D1EA72B3600949C4F /* Supporting Files */ = {
			isa = PBXGroup;
			children = (
				D675A22E1EA72B3600949C4F /* main.m */,
			);
			name = "Supporting Files";
			sourceTree = "<group>";
		};
		D675A2A01EA730AF00949C4F /* Classes */ = {
			isa = PBXGroup;
			children = (
				D60AC2521EC404A400252507 /* Modify */,
				D675A2A11EA730B000949C4F /* Analytics */,
				D675A2A61EA730B000949C4F /* Configuration */,
				D675A2B41EA730B000949C4F /* Manager */,
				D675A2B71EA730B000949C4F /* Startup */,
			);
			path = Classes;
			sourceTree = "<group>";
		};
		D675A2A11EA730B000949C4F /* Analytics */ = {
			isa = PBXGroup;
			children = (
				D675A2A21EA730B000949C4F /* INTAnalyticsCustomEventViewController.h */,
				D675A2A31EA730B000949C4F /* INTAnalyticsCustomEventViewController.m */,
				D675A2A41EA730B000949C4F /* INTScreenViewedViewController.h */,
				D675A2A51EA730B000949C4F /* INTScreenViewedViewController.m */,
				D675A2C41EA730C600949C4F /* Analytics.storyboard */,
			);
			path = Analytics;
			sourceTree = "<group>";
		};
		D675A2A61EA730B000949C4F /* Configuration */ = {
			isa = PBXGroup;
			children = (
				D675A2DD1EA73ACB00949C4F /* IntelligenceConfiguration.json */,
			);
			path = Configuration;
			sourceTree = "<group>";
		};
		D675A2B41EA730B000949C4F /* Manager */ = {
			isa = PBXGroup;
			children = (
				D675A2B51EA730B000949C4F /* INTIntelligenceManager.h */,
				D675A2B61EA730B000949C4F /* INTIntelligenceManager.m */,
			);
			path = Manager;
			sourceTree = "<group>";
		};
		D675A2B71EA730B000949C4F /* Startup */ = {
			isa = PBXGroup;
			children = (
				D675A2B81EA730B000949C4F /* INTStartupViewController.h */,
				D675A2B91EA730B000949C4F /* INTStartupViewController.m */,
			);
			path = Startup;
			sourceTree = "<group>";
		};
		F84094513E6B600059080AD1 /* Frameworks */ = {
			isa = PBXGroup;
			children = (
				D675A2D41EA7396500949C4F /* Pods_Intelligence.framework */,
				7EF9D37303316FED5972F102 /* Pods_Intelligence.framework */,
			);
			name = Frameworks;
			sourceTree = "<group>";
		};
/* End PBXGroup section */

/* Begin PBXNativeTarget section */
		D675A2291EA72B3600949C4F /* Intelligence */ = {
			isa = PBXNativeTarget;
			buildConfigurationList = D675A2411EA72B3600949C4F /* Build configuration list for PBXNativeTarget "Intelligence" */;
			buildPhases = (
				C06D4A570645046BB09DD0E4 /* [CP] Check Pods Manifest.lock */,
				D675A2261EA72B3600949C4F /* Sources */,
				D675A2271EA72B3600949C4F /* Frameworks */,
				D675A2281EA72B3600949C4F /* Resources */,
				2BB31B05828A3354327BFADE /* [CP] Embed Pods Frameworks */,
				A6489C7C1CE71D649278DD65 /* [CP] Copy Pods Resources */,
				D675A2DA1EA739CC00949C4F /* Embed Frameworks */,
			);
			buildRules = (
			);
			dependencies = (
			);
			name = Intelligence;
			productName = Intelligence;
			productReference = D675A22A1EA72B3600949C4F /* Intelligence.app */;
			productType = "com.apple.product-type.application";
		};
/* End PBXNativeTarget section */

/* Begin PBXProject section */
		D675A2221EA72B3500949C4F /* Project object */ = {
			isa = PBXProject;
			attributes = {
				LastUpgradeCheck = 0830;
				ORGANIZATIONNAME = TigerSpike;
				TargetAttributes = {
					D675A2291EA72B3600949C4F = {
						CreatedOnToolsVersion = 8.3.1;
						DevelopmentTeam = 5364AC7HJT;
						LastSwiftMigration = 0830;
						ProvisioningStyle = Automatic;
					};
				};
			};
			buildConfigurationList = D675A2251EA72B3500949C4F /* Build configuration list for PBXProject "Intelligence" */;
			compatibilityVersion = "Xcode 3.2";
			developmentRegion = English;
			hasScannedForEncodings = 0;
			knownRegions = (
				en,
				Base,
			);
			mainGroup = D675A2211EA72B3500949C4F;
			productRefGroup = D675A22B1EA72B3600949C4F /* Products */;
			projectDirPath = "";
			projectRoot = "";
			targets = (
				D675A2291EA72B3600949C4F /* Intelligence */,
			);
		};
/* End PBXProject section */

/* Begin PBXResourcesBuildPhase section */
		D675A2281EA72B3600949C4F /* Resources */ = {
			isa = PBXResourcesBuildPhase;
			buildActionMask = 2147483647;
			files = (
				D675A23D1EA72B3600949C4F /* LaunchScreen.storyboard in Resources */,
				D675A2CA1EA730C600949C4F /* Analytics.storyboard in Resources */,
				D675A23A1EA72B3600949C4F /* Assets.xcassets in Resources */,
				D675A2DE1EA73ACB00949C4F /* IntelligenceConfiguration.json in Resources */,
				D675A2381EA72B3600949C4F /* Main.storyboard in Resources */,
			);
			runOnlyForDeploymentPostprocessing = 0;
		};
/* End PBXResourcesBuildPhase section */

/* Begin PBXShellScriptBuildPhase section */
		2BB31B05828A3354327BFADE /* [CP] Embed Pods Frameworks */ = {
			isa = PBXShellScriptBuildPhase;
			buildActionMask = 2147483647;
			files = (
			);
			inputPaths = (
			);
			name = "[CP] Embed Pods Frameworks";
			outputPaths = (
			);
			runOnlyForDeploymentPostprocessing = 0;
			shellPath = /bin/sh;
			shellScript = "\"${SRCROOT}/Pods/Target Support Files/Pods-Intelligence/Pods-Intelligence-frameworks.sh\"\n";
			showEnvVarsInLog = 0;
		};
		A6489C7C1CE71D649278DD65 /* [CP] Copy Pods Resources */ = {
			isa = PBXShellScriptBuildPhase;
			buildActionMask = 2147483647;
			files = (
			);
			inputPaths = (
			);
			name = "[CP] Copy Pods Resources";
			outputPaths = (
			);
			runOnlyForDeploymentPostprocessing = 0;
			shellPath = /bin/sh;
			shellScript = "\"${SRCROOT}/Pods/Target Support Files/Pods-Intelligence/Pods-Intelligence-resources.sh\"\n";
			showEnvVarsInLog = 0;
		};
		C06D4A570645046BB09DD0E4 /* [CP] Check Pods Manifest.lock */ = {
			isa = PBXShellScriptBuildPhase;
			buildActionMask = 2147483647;
			files = (
			);
			inputPaths = (
			);
			name = "[CP] Check Pods Manifest.lock";
			outputPaths = (
			);
			runOnlyForDeploymentPostprocessing = 0;
			shellPath = /bin/sh;
			shellScript = "diff \"${PODS_PODFILE_DIR_PATH}/Podfile.lock\" \"${PODS_ROOT}/Manifest.lock\" > /dev/null\nif [ $? != 0 ] ; then\n    # print error to STDERR\n    echo \"error: The sandbox is not in sync with the Podfile.lock. Run 'pod install' or update your CocoaPods installation.\" >&2\n    exit 1\nfi\n";
			showEnvVarsInLog = 0;
		};
/* End PBXShellScriptBuildPhase section */

/* Begin PBXSourcesBuildPhase section */
		D675A2261EA72B3600949C4F /* Sources */ = {
			isa = PBXSourcesBuildPhase;
			buildActionMask = 2147483647;
			files = (
				D675A2351EA72B3600949C4F /* ViewController.m in Sources */,
				D675A2C31EA730B000949C4F /* INTStartupViewController.m in Sources */,
				D675A2C21EA730B000949C4F /* INTIntelligenceManager.m in Sources */,
				D675A2BB1EA730B000949C4F /* INTScreenViewedViewController.m in Sources */,
				D675A2BA1EA730B000949C4F /* INTAnalyticsCustomEventViewController.m in Sources */,
				D675A2321EA72B3600949C4F /* AppDelegate.m in Sources */,
				D675A22F1EA72B3600949C4F /* main.m in Sources */,
			);
			runOnlyForDeploymentPostprocessing = 0;
		};
/* End PBXSourcesBuildPhase section */

/* Begin PBXVariantGroup section */
		D675A2361EA72B3600949C4F /* Main.storyboard */ = {
			isa = PBXVariantGroup;
			children = (
				D675A2371EA72B3600949C4F /* Base */,
			);
			name = Main.storyboard;
			sourceTree = "<group>";
		};
		D675A23B1EA72B3600949C4F /* LaunchScreen.storyboard */ = {
			isa = PBXVariantGroup;
			children = (
				D675A23C1EA72B3600949C4F /* Base */,
			);
			name = LaunchScreen.storyboard;
			sourceTree = "<group>";
		};
		D675A2C41EA730C600949C4F /* Analytics.storyboard */ = {
			isa = PBXVariantGroup;
			children = (
				D675A2C51EA730C600949C4F /* Base */,
			);
			name = Analytics.storyboard;
			path = ../..;
			sourceTree = "<group>";
		};
/* End PBXVariantGroup section */

/* Begin XCBuildConfiguration section */
		D675A23F1EA72B3600949C4F /* Debug */ = {
			isa = XCBuildConfiguration;
			buildSettings = {
				ALWAYS_EMBED_SWIFT_STANDARD_LIBRARIES = YES;
				ALWAYS_SEARCH_USER_PATHS = NO;
				CLANG_ANALYZER_NONNULL = YES;
				CLANG_ANALYZER_NUMBER_OBJECT_CONVERSION = YES_AGGRESSIVE;
				CLANG_CXX_LANGUAGE_STANDARD = "gnu++0x";
				CLANG_CXX_LIBRARY = "libc++";
				CLANG_ENABLE_MODULES = YES;
				CLANG_ENABLE_OBJC_ARC = YES;
				CLANG_WARN_BOOL_CONVERSION = YES;
				CLANG_WARN_CONSTANT_CONVERSION = YES;
				CLANG_WARN_DIRECT_OBJC_ISA_USAGE = YES_ERROR;
				CLANG_WARN_DOCUMENTATION_COMMENTS = YES;
				CLANG_WARN_EMPTY_BODY = YES;
				CLANG_WARN_ENUM_CONVERSION = YES;
				CLANG_WARN_INFINITE_RECURSION = YES;
				CLANG_WARN_INT_CONVERSION = YES;
				CLANG_WARN_OBJC_ROOT_CLASS = YES_ERROR;
				CLANG_WARN_SUSPICIOUS_MOVE = YES;
				CLANG_WARN_UNREACHABLE_CODE = YES;
				CLANG_WARN__DUPLICATE_METHOD_MATCH = YES;
				"CODE_SIGN_IDENTITY[sdk=iphoneos*]" = "iPhone Developer";
				COPY_PHASE_STRIP = NO;
				DEBUG_INFORMATION_FORMAT = dwarf;
				ENABLE_STRICT_OBJC_MSGSEND = YES;
				ENABLE_TESTABILITY = YES;
				GCC_C_LANGUAGE_STANDARD = gnu99;
				GCC_DYNAMIC_NO_PIC = NO;
				GCC_NO_COMMON_BLOCKS = YES;
				GCC_OPTIMIZATION_LEVEL = 0;
				GCC_PREPROCESSOR_DEFINITIONS = (
					"DEBUG=1",
					"$(inherited)",
				);
				GCC_WARN_64_TO_32_BIT_CONVERSION = YES;
				GCC_WARN_ABOUT_RETURN_TYPE = YES_ERROR;
				GCC_WARN_UNDECLARED_SELECTOR = YES;
				GCC_WARN_UNINITIALIZED_AUTOS = YES_AGGRESSIVE;
				GCC_WARN_UNUSED_FUNCTION = YES;
				GCC_WARN_UNUSED_VARIABLE = YES;
				IPHONEOS_DEPLOYMENT_TARGET = 10.3;
				MTL_ENABLE_DEBUG_INFO = YES;
				ONLY_ACTIVE_ARCH = YES;
				SDKROOT = iphoneos;
			};
			name = Debug;
		};
		D675A2401EA72B3600949C4F /* Release */ = {
			isa = XCBuildConfiguration;
			buildSettings = {
				ALWAYS_EMBED_SWIFT_STANDARD_LIBRARIES = YES;
				ALWAYS_SEARCH_USER_PATHS = NO;
				CLANG_ANALYZER_NONNULL = YES;
				CLANG_ANALYZER_NUMBER_OBJECT_CONVERSION = YES_AGGRESSIVE;
				CLANG_CXX_LANGUAGE_STANDARD = "gnu++0x";
				CLANG_CXX_LIBRARY = "libc++";
				CLANG_ENABLE_MODULES = YES;
				CLANG_ENABLE_OBJC_ARC = YES;
				CLANG_WARN_BOOL_CONVERSION = YES;
				CLANG_WARN_CONSTANT_CONVERSION = YES;
				CLANG_WARN_DIRECT_OBJC_ISA_USAGE = YES_ERROR;
				CLANG_WARN_DOCUMENTATION_COMMENTS = YES;
				CLANG_WARN_EMPTY_BODY = YES;
				CLANG_WARN_ENUM_CONVERSION = YES;
				CLANG_WARN_INFINITE_RECURSION = YES;
				CLANG_WARN_INT_CONVERSION = YES;
				CLANG_WARN_OBJC_ROOT_CLASS = YES_ERROR;
				CLANG_WARN_SUSPICIOUS_MOVE = YES;
				CLANG_WARN_UNREACHABLE_CODE = YES;
				CLANG_WARN__DUPLICATE_METHOD_MATCH = YES;
				"CODE_SIGN_IDENTITY[sdk=iphoneos*]" = "iPhone Developer";
				COPY_PHASE_STRIP = NO;
				DEBUG_INFORMATION_FORMAT = "dwarf-with-dsym";
				ENABLE_NS_ASSERTIONS = NO;
				ENABLE_STRICT_OBJC_MSGSEND = YES;
				GCC_C_LANGUAGE_STANDARD = gnu99;
				GCC_NO_COMMON_BLOCKS = YES;
				GCC_WARN_64_TO_32_BIT_CONVERSION = YES;
				GCC_WARN_ABOUT_RETURN_TYPE = YES_ERROR;
				GCC_WARN_UNDECLARED_SELECTOR = YES;
				GCC_WARN_UNINITIALIZED_AUTOS = YES_AGGRESSIVE;
				GCC_WARN_UNUSED_FUNCTION = YES;
				GCC_WARN_UNUSED_VARIABLE = YES;
				IPHONEOS_DEPLOYMENT_TARGET = 10.3;
				MTL_ENABLE_DEBUG_INFO = NO;
				SDKROOT = iphoneos;
				VALIDATE_PRODUCT = YES;
			};
			name = Release;
		};
		D675A2421EA72B3600949C4F /* Debug */ = {
			isa = XCBuildConfiguration;
			baseConfigurationReference = A43AF538CE061D857F70915C /* Pods-Intelligence.debug.xcconfig */;
			buildSettings = {
				ASSETCATALOG_COMPILER_APPICON_NAME = AppIcon;
				CLANG_ENABLE_MODULES = YES;
				DEVELOPMENT_TEAM = 5364AC7HJT;
				FRAMEWORK_SEARCH_PATHS = (
					"$(inherited)",
					"$(PROJECT_DIR)/External_Framework",
				);
				INFOPLIST_FILE = Intelligence/Info.plist;
				LD_RUNPATH_SEARCH_PATHS = "$(inherited) @executable_path/Frameworks";
				PRODUCT_BUNDLE_IDENTIFIER = com.MyApps.Intelligence;
				PRODUCT_NAME = "$(TARGET_NAME)";
				SWIFT_OPTIMIZATION_LEVEL = "-Onone";
				SWIFT_VERSION = 3.0;
			};
			name = Debug;
		};
		D675A2431EA72B3600949C4F /* Release */ = {
			isa = XCBuildConfiguration;
			baseConfigurationReference = 1BC4AF673341DF8B60DAFA3B /* Pods-Intelligence.release.xcconfig */;
			buildSettings = {
				ASSETCATALOG_COMPILER_APPICON_NAME = AppIcon;
				CLANG_ENABLE_MODULES = YES;
				DEVELOPMENT_TEAM = 5364AC7HJT;
				FRAMEWORK_SEARCH_PATHS = (
					"$(inherited)",
					"$(PROJECT_DIR)/External_Framework",
				);
				INFOPLIST_FILE = Intelligence/Info.plist;
				LD_RUNPATH_SEARCH_PATHS = "$(inherited) @executable_path/Frameworks";
				PRODUCT_BUNDLE_IDENTIFIER = com.MyApps.Intelligence;
				PRODUCT_NAME = "$(TARGET_NAME)";
				SWIFT_VERSION = 3.0;
			};
			name = Release;
		};
/* End XCBuildConfiguration section */

/* Begin XCConfigurationList section */
		D675A2251EA72B3500949C4F /* Build configuration list for PBXProject "Intelligence" */ = {
			isa = XCConfigurationList;
			buildConfigurations = (
				D675A23F1EA72B3600949C4F /* Debug */,
				D675A2401EA72B3600949C4F /* Release */,
			);
			defaultConfigurationIsVisible = 0;
			defaultConfigurationName = Release;
		};
		D675A2411EA72B3600949C4F /* Build configuration list for PBXNativeTarget "Intelligence" */ = {
			isa = XCConfigurationList;
			buildConfigurations = (
				D675A2421EA72B3600949C4F /* Debug */,
				D675A2431EA72B3600949C4F /* Release */,
			);
			defaultConfigurationIsVisible = 0;
			defaultConfigurationName = Release;
		};
/* End XCConfigurationList section */
	};
	rootObject = D675A2221EA72B3500949C4F /* Project object */;
}
